
Microsoft Visual Studio Solution File, Format Version 12.00
# Visual Studio Version 17
VisualStudioVersion = 17.6.33712.159
MinimumVisualStudioVersion = 10.0.40219.1
Project("{FAE04EC0-301F-11D3-BF4B-00C04F79EFBC}") = "sql örnek", "sql örnek\sql örnek.csproj", "{7500C324-F15A-4C3E-B6E6-2B10EA638649}"
EndProject
Global
	GlobalSection(SolutionConfigurationPlatforms) = preSolution
		Debug|Any CPU = Debug|Any CPU
		Release|Any CPU = Release|Any CPU
	EndGlobalSection
	GlobalSection(ProjectConfigurationPlatforms) = postSolution
		{7500C324-F15A-4C3E-B6E6-2B10EA638649}.Debug|Any CPU.ActiveCfg = Debug|Any CPU
		{7500C324-F15A-4C3E-B6E6-2B10EA638649}.Debug|Any CPU.Build.0 = Debug|Any CPU
		{7500C324-F15A-4C3E-B6E6-2B10EA638649}.Release|Any CPU.ActiveCfg = Release|Any CPU
		{7500C324-F15A-4C3E-B6E6-2B10EA638649}.Release|Any CPU.Build.0 = Release|Any CPU
	EndGlobalSection
	GlobalSection(SolutionProperties) = preSolution
		HideSolutionNode = FALSE
	EndGlobalSection
	GlobalSection(ExtensibilityGlobals) = postSolution
		SolutionGuid = {7020D851-326D-45FB-A98C-3B39122C529E}
	EndGlobalSection
EndGlobal
